// !$*UTF8*$!
{
	archiveVersion = 1;
	classes = {
	};
	objectVersion = 48;
	objects = {

/* Begin PBXBuildFile section */
		228268021FB5C27500B62854 /* AppDelegate.swift in Sources */ = {isa = PBXBuildFile; fileRef = 228268011FB5C27500B62854 /* AppDelegate.swift */; };
		228268041FB5C27500B62854 /* ViewController.swift in Sources */ = {isa = PBXBuildFile; fileRef = 228268031FB5C27500B62854 /* ViewController.swift */; };
		228268071FB5C27500B62854 /* Main.storyboard in Resources */ = {isa = PBXBuildFile; fileRef = 228268051FB5C27500B62854 /* Main.storyboard */; };
		228268091FB5C27500B62854 /* Assets.xcassets in Resources */ = {isa = PBXBuildFile; fileRef = 228268081FB5C27500B62854 /* Assets.xcassets */; };
		2282680C1FB5C27500B62854 /* LaunchScreen.storyboard in Resources */ = {isa = PBXBuildFile; fileRef = 2282680A1FB5C27500B62854 /* LaunchScreen.storyboard */; };
		228268171FB5C27500B62854 /* NacPayTests.swift in Sources */ = {isa = PBXBuildFile; fileRef = 228268161FB5C27500B62854 /* NacPayTests.swift */; };
		228268221FB5C27500B62854 /* NacPayUITests.swift in Sources */ = {isa = PBXBuildFile; fileRef = 228268211FB5C27500B62854 /* NacPayUITests.swift */; };
/* End PBXBuildFile section */

/* Begin PBXContainerItemProxy section */
		228268131FB5C27500B62854 /* PBXContainerItemProxy */ = {
			isa = PBXContainerItemProxy;
			containerPortal = 228267F61FB5C27500B62854 /* Project object */;
			proxyType = 1;
			remoteGlobalIDString = 228267FD1FB5C27500B62854;
			remoteInfo = NacPay;
		};
		2282681E1FB5C27500B62854 /* PBXContainerItemProxy */ = {
			isa = PBXContainerItemProxy;
			containerPortal = 228267F61FB5C27500B62854 /* Project object */;
			proxyType = 1;
			remoteGlobalIDString = 228267FD1FB5C27500B62854;
			remoteInfo = NacPay;
		};
/* End PBXContainerItemProxy section */

/* Begin PBXFileReference section */
		228267FE1FB5C27500B62854 /* NacPay.app */ = {isa = PBXFileReference; explicitFileType = wrapper.application; includeInIndex = 0; path = NacPay.app; sourceTree = BUILT_PRODUCTS_DIR; };
		228268011FB5C27500B62854 /* AppDelegate.swift */ = {isa = PBXFileReference; lastKnownFileType = sourcecode.swift; path = AppDelegate.swift; sourceTree = "<group>"; };
		228268031FB5C27500B62854 /* ViewController.swift */ = {isa = PBXFileReference; lastKnownFileType = sourcecode.swift; path = ViewController.swift; sourceTree = "<group>"; };
		228268061FB5C27500B62854 /* Base */ = {isa = PBXFileReference; lastKnownFileType = file.storyboard; name = Base; path = Base.lproj/Main.storyboard; sourceTree = "<group>"; };
		228268081FB5C27500B62854 /* Assets.xcassets */ = {isa = PBXFileReference; lastKnownFileType = folder.assetcatalog; path = Assets.xcassets; sourceTree = "<group>"; };
		2282680B1FB5C27500B62854 /* Base */ = {isa = PBXFileReference; lastKnownFileType = file.storyboard; name = Base; path = Base.lproj/LaunchScreen.storyboard; sourceTree = "<group>"; };
		2282680D1FB5C27500B62854 /* Info.plist */ = {isa = PBXFileReference; lastKnownFileType = text.plist.xml; path = Info.plist; sourceTree = "<group>"; };
		228268121FB5C27500B62854 /* NacPayTests.xctest */ = {isa = PBXFileReference; explicitFileType = wrapper.cfbundle; includeInIndex = 0; path = NacPayTests.xctest; sourceTree = BUILT_PRODUCTS_DIR; };
		228268161FB5C27500B62854 /* NacPayTests.swift */ = {isa = PBXFileReference; lastKnownFileType = sourcecode.swift; path = NacPayTests.swift; sourceTree = "<group>"; };
		228268181FB5C27500B62854 /* Info.plist */ = {isa = PBXFileReference; lastKnownFileType = text.plist.xml; path = Info.plist; sourceTree = "<group>"; };
		2282681D1FB5C27500B62854 /* NacPayUITests.xctest */ = {isa = PBXFileReference; explicitFileType = wrapper.cfbundle; includeInIndex = 0; path = NacPayUITests.xctest; sourceTree = BUILT_PRODUCTS_DIR; };
		228268211FB5C27500B62854 /* NacPayUITests.swift */ = {isa = PBXFileReference; lastKnownFileType = sourcecode.swift; path = NacPayUITests.swift; sourceTree = "<group>"; };
		228268231FB5C27500B62854 /* Info.plist */ = {isa = PBXFileReference; lastKnownFileType = text.plist.xml; path = Info.plist; sourceTree = "<group>"; };
/* End PBXFileReference section */

/* Begin PBXFrameworksBuildPhase section */
		228267FB1FB5C27500B62854 /* Frameworks */ = {
			isa = PBXFrameworksBuildPhase;
			buildActionMask = 2147483647;
			files = (
			);
			runOnlyForDeploymentPostprocessing = 0;
		};
		2282680F1FB5C27500B62854 /* Frameworks */ = {
			isa = PBXFrameworksBuildPhase;
			buildActionMask = 2147483647;
			files = (
			);
			runOnlyForDeploymentPostprocessing = 0;
		};
		2282681A1FB5C27500B62854 /* Frameworks */ = {
			isa = PBXFrameworksBuildPhase;
			buildActionMask = 2147483647;
			files = (
			);
			runOnlyForDeploymentPostprocessing = 0;
		};
/* End PBXFrameworksBuildPhase section */

/* Begin PBXGroup section */
		228267F51FB5C27500B62854 = {
			isa = PBXGroup;
			children = (
				228268001FB5C27500B62854 /* NacPay */,
				228268151FB5C27500B62854 /* NacPayTests */,
				228268201FB5C27500B62854 /* NacPayUITests */,
				228267FF1FB5C27500B62854 /* Products */,
			);
			sourceTree = "<group>";
		};
		228267FF1FB5C27500B62854 /* Products */ = {
			isa = PBXGroup;
			children = (
				228267FE1FB5C27500B62854 /* NacPay.app */,
				228268121FB5C27500B62854 /* NacPayTests.xctest */,
				2282681D1FB5C27500B62854 /* NacPayUITests.xctest */,
			);
			name = Products;
			sourceTree = "<group>";
		};
		228268001FB5C27500B62854 /* NacPay */ = {
			isa = PBXGroup;
			children = (
				228268011FB5C27500B62854 /* AppDelegate.swift */,
				228268031FB5C27500B62854 /* ViewController.swift */,
				228268051FB5C27500B62854 /* Main.storyboard */,
				228268081FB5C27500B62854 /* Assets.xcassets */,
				2282680A1FB5C27500B62854 /* LaunchScreen.storyboard */,
				2282680D1FB5C27500B62854 /* Info.plist */,
			);
			path = NacPay;
			sourceTree = "<group>";
		};
		228268151FB5C27500B62854 /* NacPayTests */ = {
			isa = PBXGroup;
			children = (
				228268161FB5C27500B62854 /* NacPayTests.swift */,
				228268181FB5C27500B62854 /* Info.plist */,
			);
			path = NacPayTests;
			sourceTree = "<group>";
		};
		228268201FB5C27500B62854 /* NacPayUITests */ = {
			isa = PBXGroup;
			children = (
				228268211FB5C27500B62854 /* NacPayUITests.swift */,
				228268231FB5C27500B62854 /* Info.plist */,
			);
			path = NacPayUITests;
			sourceTree = "<group>";
		};
/* End PBXGroup section */

/* Begin PBXNativeTarget section */
		228267FD1FB5C27500B62854 /* NacPay */ = {
			isa = PBXNativeTarget;
			buildConfigurationList = 228268261FB5C27500B62854 /* Build configuration list for PBXNativeTarget "NacPay" */;
			buildPhases = (
				228267FA1FB5C27500B62854 /* Sources */,
				228267FB1FB5C27500B62854 /* Frameworks */,
				228267FC1FB5C27500B62854 /* Resources */,
			);
			buildRules = (
			);
			dependencies = (
			);
			name = NacPay;
			productName = NacPay;
			productReference = 228267FE1FB5C27500B62854 /* NacPay.app */;
			productType = "com.apple.product-type.application";
		};
		228268111FB5C27500B62854 /* NacPayTests */ = {
			isa = PBXNativeTarget;
			buildConfigurationList = 228268291FB5C27500B62854 /* Build configuration list for PBXNativeTarget "NacPayTests" */;
			buildPhases = (
				2282680E1FB5C27500B62854 /* Sources */,
				2282680F1FB5C27500B62854 /* Frameworks */,
				228268101FB5C27500B62854 /* Resources */,
			);
			buildRules = (
			);
			dependencies = (
				228268141FB5C27500B62854 /* PBXTargetDependency */,
			);
			name = NacPayTests;
			productName = NacPayTests;
			productReference = 228268121FB5C27500B62854 /* NacPayTests.xctest */;
			productType = "com.apple.product-type.bundle.unit-test";
		};
		2282681C1FB5C27500B62854 /* NacPayUITests */ = {
			isa = PBXNativeTarget;
			buildConfigurationList = 2282682C1FB5C27500B62854 /* Build configuration list for PBXNativeTarget "NacPayUITests" */;
			buildPhases = (
				228268191FB5C27500B62854 /* Sources */,
				2282681A1FB5C27500B62854 /* Frameworks */,
				2282681B1FB5C27500B62854 /* Resources */,
			);
			buildRules = (
			);
			dependencies = (
				2282681F1FB5C27500B62854 /* PBXTargetDependency */,
			);
			name = NacPayUITests;
			productName = NacPayUITests;
			productReference = 2282681D1FB5C27500B62854 /* NacPayUITests.xctest */;
			productType = "com.apple.product-type.bundle.ui-testing";
		};
/* End PBXNativeTarget section */

/* Begin PBXProject section */
		228267F61FB5C27500B62854 /* Project object */ = {
			isa = PBXProject;
			attributes = {
				LastSwiftUpdateCheck = 0900;
				LastUpgradeCheck = 0900;
				ORGANIZATIONNAME = "Maulik D'sai";
				TargetAttributes = {
					228267FD1FB5C27500B62854 = {
						CreatedOnToolsVersion = 9.0;
						ProvisioningStyle = Automatic;
					};
					228268111FB5C27500B62854 = {
						CreatedOnToolsVersion = 9.0;
						ProvisioningStyle = Automatic;
						TestTargetID = 228267FD1FB5C27500B62854;
					};
					2282681C1FB5C27500B62854 = {
						CreatedOnToolsVersion = 9.0;
						ProvisioningStyle = Automatic;
						TestTargetID = 228267FD1FB5C27500B62854;
					};
				};
			};
			buildConfigurationList = 228267F91FB5C27500B62854 /* Build configuration list for PBXProject "NacPay" */;
			compatibilityVersion = "Xcode 8.0";
			developmentRegion = en;
			hasScannedForEncodings = 0;
			knownRegions = (
				en,
				Base,
			);
			mainGroup = 228267F51FB5C27500B62854;
			productRefGroup = 228267FF1FB5C27500B62854 /* Products */;
			projectDirPath = "";
			projectRoot = "";
			targets = (
				228267FD1FB5C27500B62854 /* NacPay */,
				228268111FB5C27500B62854 /* NacPayTests */,
				2282681C1FB5C27500B62854 /* NacPayUITests */,
			);
		};
/* End PBXProject section */

/* Begin PBXResourcesBuildPhase section */
		228267FC1FB5C27500B62854 /* Resources */ = {
			isa = PBXResourcesBuildPhase;
			buildActionMask = 2147483647;
			files = (
				2282680C1FB5C27500B62854 /* LaunchScreen.storyboard in Resources */,
				228268091FB5C27500B62854 /* Assets.xcassets in Resources */,
				228268071FB5C27500B62854 /* Main.storyboard in Resources */,
			);
			runOnlyForDeploymentPostprocessing = 0;
		};
		228268101FB5C27500B62854 /* Resources */ = {
			isa = PBXResourcesBuildPhase;
			buildActionMask = 2147483647;
			files = (
			);
			runOnlyForDeploymentPostprocessing = 0;
		};
		2282681B1FB5C27500B62854 /* Resources */ = {
			isa = PBXResourcesBuildPhase;
			buildActionMask = 2147483647;
			files = (
			);
			runOnlyForDeploymentPostprocessing = 0;
		};
/* End PBXResourcesBuildPhase section */

/* Begin PBXSourcesBuildPhase section */
		228267FA1FB5C27500B62854 /* Sources */ = {
			isa = PBXSourcesBuildPhase;
			buildActionMask = 2147483647;
			files = (
				228268041FB5C27500B62854 /* ViewController.swift in Sources */,
				228268021FB5C27500B62854 /* AppDelegate.swift in Sources */,
			);
			runOnlyForDeploymentPostprocessing = 0;
		};
		2282680E1FB5C27500B62854 /* Sources */ = {
			isa = PBXSourcesBuildPhase;
			buildActionMask = 2147483647;
			files = (
				228268171FB5C27500B62854 /* NacPayTests.swift in Sources */,
			);
			runOnlyForDeploymentPostprocessing = 0;
		};
		228268191FB5C27500B62854 /* Sources */ = {
			isa = PBXSourcesBuildPhase;
			buildActionMask = 2147483647;
			files = (
				228268221FB5C27500B62854 /* NacPayUITests.swift in Sources */,
			);
			runOnlyForDeploymentPostprocessing = 0;
		};
/* End PBXSourcesBuildPhase section */

/* Begin PBXTargetDependency section */
		228268141FB5C27500B62854 /* PBXTargetDependency */ = {
			isa = PBXTargetDependency;
			target = 228267FD1FB5C27500B62854 /* NacPay */;
			targetProxy = 228268131FB5C27500B62854 /* PBXContainerItemProxy */;
		};
		2282681F1FB5C27500B62854 /* PBXTargetDependency */ = {
			isa = PBXTargetDependency;
			target = 228267FD1FB5C27500B62854 /* NacPay */;
			targetProxy = 2282681E1FB5C27500B62854 /* PBXContainerItemProxy */;
		};
/* End PBXTargetDependency section */

/* Begin PBXVariantGroup section */
		228268051FB5C27500B62854 /* Main.storyboard */ = {
			isa = PBXVariantGroup;
			children = (
				228268061FB5C27500B62854 /* Base */,
			);
			name = Main.storyboard;
			sourceTree = "<group>";
		};
		2282680A1FB5C27500B62854 /* LaunchScreen.storyboard */ = {
			isa = PBXVariantGroup;
			children = (
				2282680B1FB5C27500B62854 /* Base */,
			);
			name = LaunchScreen.storyboard;
			sourceTree = "<group>";
		};
/* End PBXVariantGroup section */

/* Begin XCBuildConfiguration section */
		228268241FB5C27500B62854 /* Debug */ = {
			isa = XCBuildConfiguration;
			buildSettings = {
				ALWAYS_SEARCH_USER_PATHS = NO;
				CLANG_ANALYZER_NONNULL = YES;
				CLANG_ANALYZER_NUMBER_OBJECT_CONVERSION = YES_AGGRESSIVE;
				CLANG_CXX_LANGUAGE_STANDARD = "gnu++14";
				CLANG_CXX_LIBRARY = "libc++";
				CLANG_ENABLE_MODULES = YES;
				CLANG_ENABLE_OBJC_ARC = YES;
				CLANG_WARN_BLOCK_CAPTURE_AUTORELEASING = YES;
				CLANG_WARN_BOOL_CONVERSION = YES;
				CLANG_WARN_COMMA = YES;
				CLANG_WARN_CONSTANT_CONVERSION = YES;
				CLANG_WARN_DIRECT_OBJC_ISA_USAGE = YES_ERROR;
				CLANG_WARN_DOCUMENTATION_COMMENTS = YES;
				CLANG_WARN_EMPTY_BODY = YES;
				CLANG_WARN_ENUM_CONVERSION = YES;
				CLANG_WARN_INFINITE_RECURSION = YES;
				CLANG_WARN_INT_CONVERSION = YES;
				CLANG_WARN_NON_LITERAL_NULL_CONVERSION = YES;
				CLANG_WARN_OBJC_LITERAL_CONVERSION = YES;
				CLANG_WARN_OBJC_ROOT_CLASS = YES_ERROR;
				CLANG_WARN_RANGE_LOOP_ANALYSIS = YES;
				CLANG_WARN_STRICT_PROTOTYPES = YES;
				CLANG_WARN_SUSPICIOUS_MOVE = YES;
				CLANG_WARN_UNGUARDED_AVAILABILITY = YES_AGGRESSIVE;
				CLANG_WARN_UNREACHABLE_CODE = YES;
				CLANG_WARN__DUPLICATE_METHOD_MATCH = YES;
				CODE_SIGN_IDENTITY = "iPhone Developer";
				COPY_PHASE_STRIP = NO;
				DEBUG_INFORMATION_FORMAT = dwarf;
				ENABLE_STRICT_OBJC_MSGSEND = YES;
				ENABLE_TESTABILITY = YES;
				GCC_C_LANGUAGE_STANDARD = gnu11;
				GCC_DYNAMIC_NO_PIC = NO;
				GCC_NO_COMMON_BLOCKS = YES;
				GCC_OPTIMIZATION_LEVEL = 0;
				GCC_PREPROCESSOR_DEFINITIONS = (
					"DEBUG=1",
					"$(inherited)",
				);
				GCC_WARN_64_TO_32_BIT_CONVERSION = YES;
				GCC_WARN_ABOUT_RETURN_TYPE = YES_ERROR;
				GCC_WARN_UNDECLARED_SELECTOR = YES;
				GCC_WARN_UNINITIALIZED_AUTOS = YES_AGGRESSIVE;
				GCC_WARN_UNUSED_FUNCTION = YES;
				GCC_WARN_UNUSED_VARIABLE = YES;
				IPHONEOS_DEPLOYMENT_TARGET = 11.0;
				MTL_ENABLE_DEBUG_INFO = YES;
				ONLY_ACTIVE_ARCH = YES;
				SDKROOT = iphoneos;
				SWIFT_ACTIVE_COMPILATION_CONDITIONS = DEBUG;
				SWIFT_OPTIMIZATION_LEVEL = "-Onone";
			};
			name = Debug;
		};
		228268251FB5C27500B62854 /* Release */ = {
			isa = XCBuildConfiguration;
			buildSettings = {
				ALWAYS_SEARCH_USER_PATHS = NO;
				CLANG_ANALYZER_NONNULL = YES;
				CLANG_ANALYZER_NUMBER_OBJECT_CONVERSION = YES_AGGRESSIVE;
				CLANG_CXX_LANGUAGE_STANDARD = "gnu++14";
				CLANG_CXX_LIBRARY = "libc++";
				CLANG_ENABLE_MODULES = YES;
				CLANG_ENABLE_OBJC_ARC = YES;
				CLANG_WARN_BLOCK_CAPTURE_AUTORELEASING = YES;
				CLANG_WARN_BOOL_CONVERSION = YES;
				CLANG_WARN_COMMA = YES;
				CLANG_WARN_CONSTANT_CONVERSION = YES;
				CLANG_WARN_DIRECT_OBJC_ISA_USAGE = YES_ERROR;
				CLANG_WARN_DOCUMENTATION_COMMENTS = YES;
				CLANG_WARN_EMPTY_BODY = YES;
				CLANG_WARN_ENUM_CONVERSION = YES;
				CLANG_WARN_INFINITE_RECURSION = YES;
				CLANG_WARN_INT_CONVERSION = YES;
				CLANG_WARN_NON_LITERAL_NULL_CONVERSION = YES;
				CLANG_WARN_OBJC_LITERAL_CONVERSION = YES;
				CLANG_WARN_OBJC_ROOT_CLASS = YES_ERROR;
				CLANG_WARN_RANGE_LOOP_ANALYSIS = YES;
				CLANG_WARN_STRICT_PROTOTYPES = YES;
				CLANG_WARN_SUSPICIOUS_MOVE = YES;
				CLANG_WARN_UNGUARDED_AVAILABILITY = YES_AGGRESSIVE;
				CLANG_WARN_UNREACHABLE_CODE = YES;
				CLANG_WARN__DUPLICATE_METHOD_MATCH = YES;
				CODE_SIGN_IDENTITY = "iPhone Developer";
				COPY_PHASE_STRIP = NO;
				DEBUG_INFORMATION_FORMAT = "dwarf-with-dsym";
				ENABLE_NS_ASSERTIONS = NO;
				ENABLE_STRICT_OBJC_MSGSEND = YES;
				GCC_C_LANGUAGE_STANDARD = gnu11;
				GCC_NO_COMMON_BLOCKS = YES;
				GCC_WARN_64_TO_32_BIT_CONVERSION = YES;
				GCC_WARN_ABOUT_RETURN_TYPE = YES_ERROR;
				GCC_WARN_UNDECLARED_SELECTOR = YES;
				GCC_WARN_UNINITIALIZED_AUTOS = YES_AGGRESSIVE;
				GCC_WARN_UNUSED_FUNCTION = YES;
				GCC_WARN_UNUSED_VARIABLE = YES;
				IPHONEOS_DEPLOYMENT_TARGET = 11.0;
				MTL_ENABLE_DEBUG_INFO = NO;
				SDKROOT = iphoneos;
				SWIFT_OPTIMIZATION_LEVEL = "-Owholemodule";
				VALIDATE_PRODUCT = YES;
			};
			name = Release;
		};
		228268271FB5C27500B62854 /* Debug */ = {
			isa = XCBuildConfiguration;
			buildSettings = {
				ASSETCATALOG_COMPILER_APPICON_NAME = AppIcon;
				CODE_SIGN_STYLE = Automatic;
				INFOPLIST_FILE = NacPay/Info.plist;
				LD_RUNPATH_SEARCH_PATHS = "$(inherited) @executable_path/Frameworks";
				PRODUCT_BUNDLE_IDENTIFIER = com.md.NacPay;
				PRODUCT_NAME = "$(TARGET_NAME)";
				SWIFT_VERSION = 4.0;
				TARGETED_DEVICE_FAMILY = "1,2";
			};
			name = Debug;
		};
		228268281FB5C27500B62854 /* Release */ = {
			isa = XCBuildConfiguration;
			buildSettings = {
				ASSETCATALOG_COMPILER_APPICON_NAME = AppIcon;
				CODE_SIGN_STYLE = Automatic;
				INFOPLIST_FILE = NacPay/Info.plist;
				LD_RUNPATH_SEARCH_PATHS = "$(inherited) @executable_path/Frameworks";
				PRODUCT_BUNDLE_IDENTIFIER = com.md.NacPay;
				PRODUCT_NAME = "$(TARGET_NAME)";
				SWIFT_VERSION = 4.0;
				TARGETED_DEVICE_FAMILY = "1,2";
			};
			name = Release;
		};
		2282682A1FB5C27500B62854 /* Debug */ = {
			isa = XCBuildConfiguration;
			buildSettings = {
				ALWAYS_EMBED_SWIFT_STANDARD_LIBRARIES = YES;
				BUNDLE_LOADER = "$(TEST_HOST)";
				CODE_SIGN_STYLE = Automatic;
				INFOPLIST_FILE = NacPayTests/Info.plist;
				LD_RUNPATH_SEARCH_PATHS = "$(inherited) @executable_path/Frameworks @loader_path/Frameworks";
				PRODUCT_BUNDLE_IDENTIFIER = com.md.NacPayTests;
				PRODUCT_NAME = "$(TARGET_NAME)";
				SWIFT_VERSION = 4.0;
				TARGETED_DEVICE_FAMILY = "1,2";
				TEST_HOST = "$(BUILT_PRODUCTS_DIR)/NacPay.app/NacPay";
			};
			name = Debug;
		};
		2282682B1FB5C27500B62854 /* Release */ = {
			isa = XCBuildConfiguration;
			buildSettings = {
				ALWAYS_EMBED_SWIFT_STANDARD_LIBRARIES = YES;
				BUNDLE_LOADER = "$(TEST_HOST)";
				CODE_SIGN_STYLE = Automatic;
				INFOPLIST_FILE = NacPayTests/Info.plist;
				LD_RUNPATH_SEARCH_PATHS = "$(inherited) @executable_path/Frameworks @loader_path/Frameworks";
				PRODUCT_BUNDLE_IDENTIFIER = com.md.NacPayTests;
				PRODUCT_NAME = "$(TARGET_NAME)";
				SWIFT_VERSION = 4.0;
				TARGETED_DEVICE_FAMILY = "1,2";
				TEST_HOST = "$(BUILT_PRODUCTS_DIR)/NacPay.app/NacPay";
			};
			name = Release;
		};
		2282682D1FB5C27500B62854 /* Debug */ = {
			isa = XCBuildConfiguration;
			buildSettings = {
				ALWAYS_EMBED_SWIFT_STANDARD_LIBRARIES = YES;
				CODE_SIGN_STYLE = Automatic;
				INFOPLIST_FILE = NacPayUITests/Info.plist;
				LD_RUNPATH_SEARCH_PATHS = "$(inherited) @executable_path/Frameworks @loader_path/Frameworks";
				PRODUCT_BUNDLE_IDENTIFIER = com.md.NacPayUITests;
				PRODUCT_NAME = "$(TARGET_NAME)";
				SWIFT_VERSION = 4.0;
				TARGETED_DEVICE_FAMILY = "1,2";
				TEST_TARGET_NAME = NacPay;
			};
			name = Debug;
		};
		2282682E1FB5C27500B62854 /* Release */ = {
			isa = XCBuildConfiguration;
			buildSettings = {
				ALWAYS_EMBED_SWIFT_STANDARD_LIBRARIES = YES;
				CODE_SIGN_STYLE = Automatic;
				INFOPLIST_FILE = NacPayUITests/Info.plist;
				LD_RUNPATH_SEARCH_PATHS = "$(inherited) @executable_path/Frameworks @loader_path/Frameworks";
				PRODUCT_BUNDLE_IDENTIFIER = com.md.NacPayUITests;
				PRODUCT_NAME = "$(TARGET_NAME)";
				SWIFT_VERSION = 4.0;
				TARGETED_DEVICE_FAMILY = "1,2";
				TEST_TARGET_NAME = NacPay;
			};
			name = Release;
		};
/* End XCBuildConfiguration section */

/* Begin XCConfigurationList section */
		228267F91FB5C27500B62854 /* Build configuration list for PBXProject "NacPay" */ = {
			isa = XCConfigurationList;
			buildConfigurations = (
				228268241FB5C27500B62854 /* Debug */,
				228268251FB5C27500B62854 /* Release */,
			);
			defaultConfigurationIsVisible = 0;
			defaultConfigurationName = Release;
		};
		228268261FB5C27500B62854 /* Build configuration list for PBXNativeTarget "NacPay" */ = {
			isa = XCConfigurationList;
			buildConfigurations = (
				228268271FB5C27500B62854 /* Debug */,
				228268281FB5C27500B62854 /* Release */,
			);
			defaultConfigurationIsVisible = 0;
			defaultConfigurationName = Release;
		};
		228268291FB5C27500B62854 /* Build configuration list for PBXNativeTarget "NacPayTests" */ = {
			isa = XCConfigurationList;
			buildConfigurations = (
				2282682A1FB5C27500B62854 /* Debug */,
				2282682B1FB5C27500B62854 /* Release */,
			);
			defaultConfigurationIsVisible = 0;
			defaultConfigurationName = Release;
		};
		2282682C1FB5C27500B62854 /* Build configuration list for PBXNativeTarget "NacPayUITests" */ = {
			isa = XCConfigurationList;
			buildConfigurations = (
				2282682D1FB5C27500B62854 /* Debug */,
				2282682E1FB5C27500B62854 /* Release */,
			);
			defaultConfigurationIsVisible = 0;
			defaultConfigurationName = Release;
		};
/* End XCConfigurationList section */
	};
	rootObject = 228267F61FB5C27500B62854 /* Project object */;
}
